Microsoft Visual Studio Solution File, Format Version 11.00
# Visual Studio 2008

Project("{492E6640-145B-7292-07A5-816B2FDB47F3}") = "cards", "Assembly-CSharp.csproj", "{506522CE-1460-6615-D3BB-609B1D66DB74}"
EndProject
Global
	GlobalSection(SolutionConfigurationPlatforms) = preSolution
		Debug|Any CPU = Debug|Any CPU
		Release|Any CPU = Release|Any CPU
	EndGlobalSection
	GlobalSection(ProjectConfigurationPlatforms) = postSolution
		{506522CE-1460-6615-D3BB-609B1D66DB74}.Debug|Any CPU.ActiveCfg = Debug|Any CPU
		{506522CE-1460-6615-D3BB-609B1D66DB74}.Debug|Any CPU.Build.0 = Debug|Any CPU
		{506522CE-1460-6615-D3BB-609B1D66DB74}.Release|Any CPU.ActiveCfg = Release|Any CPU
		{506522CE-1460-6615-D3BB-609B1D66DB74}.Release|Any CPU.Build.0 = Release|Any CPU
	EndGlobalSection
	GlobalSection(SolutionProperties) = preSolution
		HideSolutionNode = FALSE
	EndGlobalSection
	GlobalSection(MonoDevelopProperties) = preSolution
		StartupItem = Assembly-CSharp.csproj
	EndGlobalSection
EndGlobal
